// !$*UTF8*$!
{
	archiveVersion = 1;
	classes = {
	};
	objectVersion = 55;
	objects = {

/* Begin PBXBuildFile section */
		6329DAD6283791030076E7DF /* CircleDrawerVM.swift in Sources */ = {isa = PBXBuildFile; fileRef = 6329DAD5283791030076E7DF /* CircleDrawerVM.swift */; };
		6329DAD7283791030076E7DF /* CircleDrawerVM.swift in Sources */ = {isa = PBXBuildFile; fileRef = 6329DAD5283791030076E7DF /* CircleDrawerVM.swift */; };
		C00746772834FCA800D2BA77 /* CellsVM.swift in Sources */ = {isa = PBXBuildFile; fileRef = C00746762834FCA800D2BA77 /* CellsVM.swift */; };
		C00746782834FCA800D2BA77 /* CellsVM.swift in Sources */ = {isa = PBXBuildFile; fileRef = C00746762834FCA800D2BA77 /* CellsVM.swift */; };
		C007467B2834FCDD00D2BA77 /* Cell.swift in Sources */ = {isa = PBXBuildFile; fileRef = C007467A2834FCDD00D2BA77 /* Cell.swift */; };
		C007467C2834FCDD00D2BA77 /* Cell.swift in Sources */ = {isa = PBXBuildFile; fileRef = C007467A2834FCDD00D2BA77 /* Cell.swift */; };
		C007467F28350B6E00D2BA77 /* MathParser in Frameworks */ = {isa = PBXBuildFile; productRef = C007467E28350B6E00D2BA77 /* MathParser */; };
		C007468228350C8B00D2BA77 /* MathParser in Frameworks */ = {isa = PBXBuildFile; productRef = C007468128350C8B00D2BA77 /* MathParser */; };
		C0578D69282CF7CD00388368 /* CellsView.swift in Sources */ = {isa = PBXBuildFile; fileRef = C0578D68282CF7CD00388368 /* CellsView.swift */; };
		C0578D6A282CF7FA00388368 /* CellsView.swift in Sources */ = {isa = PBXBuildFile; fileRef = C0578D68282CF7CD00388368 /* CellsView.swift */; };
		C073B4FC2827F89F0027412A /* TempConverterView.swift in Sources */ = {isa = PBXBuildFile; fileRef = C073B4FB2827F89F0027412A /* TempConverterView.swift */; };
		C073B4FD2827F89F0027412A /* TempConverterView.swift in Sources */ = {isa = PBXBuildFile; fileRef = C073B4FB2827F89F0027412A /* TempConverterView.swift */; };
		C073B500282838050027412A /* FlightBookerView.swift in Sources */ = {isa = PBXBuildFile; fileRef = C073B4FF282838050027412A /* FlightBookerView.swift */; };
		C073B501282838050027412A /* FlightBookerView.swift in Sources */ = {isa = PBXBuildFile; fileRef = C073B4FF282838050027412A /* FlightBookerView.swift */; };
		C073B505282910B90027412A /* TimerView.swift in Sources */ = {isa = PBXBuildFile; fileRef = C073B504282910B90027412A /* TimerView.swift */; };
		C073B506282910B90027412A /* TimerView.swift in Sources */ = {isa = PBXBuildFile; fileRef = C073B504282910B90027412A /* TimerView.swift */; };
		C073B509282942390027412A /* CrudView.swift in Sources */ = {isa = PBXBuildFile; fileRef = C073B508282942390027412A /* CrudView.swift */; };
		C073B50A282942390027412A /* CrudView.swift in Sources */ = {isa = PBXBuildFile; fileRef = C073B508282942390027412A /* CrudView.swift */; };
		C073B50D282A44770027412A /* CircleDrawerView.swift in Sources */ = {isa = PBXBuildFile; fileRef = C073B50C282A44770027412A /* CircleDrawerView.swift */; };
		C073B50E282A44770027412A /* CircleDrawerView.swift in Sources */ = {isa = PBXBuildFile; fileRef = C073B50C282A44770027412A /* CircleDrawerView.swift */; };
		C0FC32E32827E2AA00D06192 /* SevenGuisApp.swift in Sources */ = {isa = PBXBuildFile; fileRef = C0FC32D32827E2A800D06192 /* SevenGuisApp.swift */; };
		C0FC32E42827E2AA00D06192 /* SevenGuisApp.swift in Sources */ = {isa = PBXBuildFile; fileRef = C0FC32D32827E2A800D06192 /* SevenGuisApp.swift */; };
		C0FC32E72827E2AA00D06192 /* Assets.xcassets in Resources */ = {isa = PBXBuildFile; fileRef = C0FC32D52827E2AA00D06192 /* Assets.xcassets */; };
		C0FC32E82827E2AA00D06192 /* Assets.xcassets in Resources */ = {isa = PBXBuildFile; fileRef = C0FC32D52827E2AA00D06192 /* Assets.xcassets */; };
		C0FC32F32827E39700D06192 /* CounterView.swift in Sources */ = {isa = PBXBuildFile; fileRef = C0FC32F22827E39700D06192 /* CounterView.swift */; };
		C0FC32F42827E39700D06192 /* CounterView.swift in Sources */ = {isa = PBXBuildFile; fileRef = C0FC32F22827E39700D06192 /* CounterView.swift */; };
/* End PBXBuildFile section */

/* Begin PBXFileReference section */
		6329DAD5283791030076E7DF /* CircleDrawerVM.swift */ = {isa = PBXFileReference; lastKnownFileType = sourcecode.swift; path = CircleDrawerVM.swift; sourceTree = "<group>"; };
		C00746762834FCA800D2BA77 /* CellsVM.swift */ = {isa = PBXFileReference; lastKnownFileType = sourcecode.swift; path = CellsVM.swift; sourceTree = "<group>"; };
		C007467A2834FCDD00D2BA77 /* Cell.swift */ = {isa = PBXFileReference; lastKnownFileType = sourcecode.swift; path = Cell.swift; sourceTree = "<group>"; };
		C0578D68282CF7CD00388368 /* CellsView.swift */ = {isa = PBXFileReference; lastKnownFileType = sourcecode.swift; path = CellsView.swift; sourceTree = "<group>"; };
		C073B4FB2827F89F0027412A /* TempConverterView.swift */ = {isa = PBXFileReference; lastKnownFileType = sourcecode.swift; path = TempConverterView.swift; sourceTree = "<group>"; };
		C073B4FF282838050027412A /* FlightBookerView.swift */ = {isa = PBXFileReference; lastKnownFileType = sourcecode.swift; path = FlightBookerView.swift; sourceTree = "<group>"; };
		C073B504282910B90027412A /* TimerView.swift */ = {isa = PBXFileReference; lastKnownFileType = sourcecode.swift; path = TimerView.swift; sourceTree = "<group>"; };
		C073B508282942390027412A /* CrudView.swift */ = {isa = PBXFileReference; lastKnownFileType = sourcecode.swift; path = CrudView.swift; sourceTree = "<group>"; };
		C073B50C282A44770027412A /* CircleDrawerView.swift */ = {isa = PBXFileReference; lastKnownFileType = sourcecode.swift; path = CircleDrawerView.swift; sourceTree = "<group>"; };
		C0FC32D32827E2A800D06192 /* SevenGuisApp.swift */ = {isa = PBXFileReference; lastKnownFileType = sourcecode.swift; path = SevenGuisApp.swift; sourceTree = "<group>"; };
		C0FC32D52827E2AA00D06192 /* Assets.xcassets */ = {isa = PBXFileReference; lastKnownFileType = folder.assetcatalog; path = Assets.xcassets; sourceTree = "<group>"; };
		C0FC32DA2827E2AA00D06192 /* seven-guis.app */ = {isa = PBXFileReference; explicitFileType = wrapper.application; includeInIndex = 0; path = "seven-guis.app"; sourceTree = BUILT_PRODUCTS_DIR; };
		C0FC32E02827E2AA00D06192 /* seven-guis.app */ = {isa = PBXFileReference; explicitFileType = wrapper.application; includeInIndex = 0; path = "seven-guis.app"; sourceTree = BUILT_PRODUCTS_DIR; };
		C0FC32E22827E2AA00D06192 /* macOS.entitlements */ = {isa = PBXFileReference; lastKnownFileType = text.plist.entitlements; path = macOS.entitlements; sourceTree = "<group>"; };
		C0FC32F22827E39700D06192 /* CounterView.swift */ = {isa = PBXFileReference; lastKnownFileType = sourcecode.swift; path = CounterView.swift; sourceTree = "<group>"; };
/* End PBXFileReference section */

/* Begin PBXFrameworksBuildPhase section */
		C0FC32D72827E2AA00D06192 /* Frameworks */ = {
			isa = PBXFrameworksBuildPhase;
			buildActionMask = 2147483647;
			files = (
				C007467F28350B6E00D2BA77 /* MathParser in Frameworks */,
			);
			runOnlyForDeploymentPostprocessing = 0;
		};
		C0FC32DD2827E2AA00D06192 /* Frameworks */ = {
			isa = PBXFrameworksBuildPhase;
			buildActionMask = 2147483647;
			files = (
				C007468228350C8B00D2BA77 /* MathParser in Frameworks */,
			);
			runOnlyForDeploymentPostprocessing = 0;
		};
/* End PBXFrameworksBuildPhase section */

/* Begin PBXGroup section */
		C007468028350C8B00D2BA77 /* Frameworks */ = {
			isa = PBXGroup;
			children = (
			);
			name = Frameworks;
			sourceTree = "<group>";
		};
		C0578D67282CF35600388368 /* 07 - Cells */ = {
			isa = PBXGroup;
			children = (
				C007467A2834FCDD00D2BA77 /* Cell.swift */,
				C00746762834FCA800D2BA77 /* CellsVM.swift */,
				C0578D68282CF7CD00388368 /* CellsView.swift */,
			);
			path = "07 - Cells";
			sourceTree = "<group>";
		};
		C073B4FA2827F8540027412A /* 02 - Temperature Converter */ = {
			isa = PBXGroup;
			children = (
				C073B4FB2827F89F0027412A /* TempConverterView.swift */,
			);
			path = "02 - Temperature Converter";
			sourceTree = "<group>";
		};
		C073B4FE282837E80027412A /* 03 - Flight Booker */ = {
			isa = PBXGroup;
			children = (
				C073B4FF282838050027412A /* FlightBookerView.swift */,
			);
			path = "03 - Flight Booker";
			sourceTree = "<group>";
		};
		C073B502282910950027412A /* 04 - Timer */ = {
			isa = PBXGroup;
			children = (
				C073B504282910B90027412A /* TimerView.swift */,
			);
			path = "04 - Timer";
			sourceTree = "<group>";
		};
		C073B507282942200027412A /* 05 - Crud */ = {
			isa = PBXGroup;
			children = (
				C073B508282942390027412A /* CrudView.swift */,
			);
			path = "05 - Crud";
			sourceTree = "<group>";
		};
		C073B50B282A44580027412A /* 06 - Circle Drawer */ = {
			isa = PBXGroup;
			children = (
				6329DAD5283791030076E7DF /* CircleDrawerVM.swift */,
				C073B50C282A44770027412A /* CircleDrawerView.swift */,
			);
			path = "06 - Circle Drawer";
			sourceTree = "<group>";
		};
		C0FC32CD2827E2A800D06192 = {
			isa = PBXGroup;
			children = (
				C0FC32D22827E2A800D06192 /* Shared */,
				C0FC32E12827E2AA00D06192 /* macOS */,
				C0FC32DB2827E2AA00D06192 /* Products */,
				C007468028350C8B00D2BA77 /* Frameworks */,
			);
			sourceTree = "<group>";
		};
		C0FC32D22827E2A800D06192 /* Shared */ = {
			isa = PBXGroup;
			children = (
				C0FC32F12827E38100D06192 /* 01 - Counter */,
				C073B4FA2827F8540027412A /* 02 - Temperature Converter */,
				C073B4FE282837E80027412A /* 03 - Flight Booker */,
				C073B502282910950027412A /* 04 - Timer */,
				C073B507282942200027412A /* 05 - Crud */,
				C073B50B282A44580027412A /* 06 - Circle Drawer */,
				C0578D67282CF35600388368 /* 07 - Cells */,
				C0FC32D32827E2A800D06192 /* SevenGuisApp.swift */,
				C0FC32D52827E2AA00D06192 /* Assets.xcassets */,
			);
			path = Shared;
			sourceTree = "<group>";
		};
		C0FC32DB2827E2AA00D06192 /* Products */ = {
			isa = PBXGroup;
			children = (
				C0FC32DA2827E2AA00D06192 /* seven-guis.app */,
				C0FC32E02827E2AA00D06192 /* seven-guis.app */,
			);
			name = Products;
			sourceTree = "<group>";
		};
		C0FC32E12827E2AA00D06192 /* macOS */ = {
			isa = PBXGroup;
			children = (
				C0FC32E22827E2AA00D06192 /* macOS.entitlements */,
			);
			path = macOS;
			sourceTree = "<group>";
		};
		C0FC32F12827E38100D06192 /* 01 - Counter */ = {
			isa = PBXGroup;
			children = (
				C0FC32F22827E39700D06192 /* CounterView.swift */,
			);
			path = "01 - Counter";
			sourceTree = "<group>";
		};
/* End PBXGroup section */

/* Begin PBXNativeTarget section */
		C0FC32D92827E2AA00D06192 /* seven-guis (iOS) */ = {
			isa = PBXNativeTarget;
			buildConfigurationList = C0FC32EB2827E2AA00D06192 /* Build configuration list for PBXNativeTarget "seven-guis (iOS)" */;
			buildPhases = (
				C0FC32D62827E2AA00D06192 /* Sources */,
				C0FC32D72827E2AA00D06192 /* Frameworks */,
				C0FC32D82827E2AA00D06192 /* Resources */,
			);
			buildRules = (
			);
			dependencies = (
			);
			name = "seven-guis (iOS)";
			packageProductDependencies = (
				C007467E28350B6E00D2BA77 /* MathParser */,
			);
			productName = "seven-guis (iOS)";
			productReference = C0FC32DA2827E2AA00D06192 /* seven-guis.app */;
			productType = "com.apple.product-type.application";
		};
		C0FC32DF2827E2AA00D06192 /* seven-guis (macOS) */ = {
			isa = PBXNativeTarget;
			buildConfigurationList = C0FC32EE2827E2AA00D06192 /* Build configuration list for PBXNativeTarget "seven-guis (macOS)" */;
			buildPhases = (
				C0FC32DC2827E2AA00D06192 /* Sources */,
				C0FC32DD2827E2AA00D06192 /* Frameworks */,
				C0FC32DE2827E2AA00D06192 /* Resources */,
			);
			buildRules = (
			);
			dependencies = (
			);
			name = "seven-guis (macOS)";
			packageProductDependencies = (
				C007468128350C8B00D2BA77 /* MathParser */,
			);
			productName = "seven-guis (macOS)";
			productReference = C0FC32E02827E2AA00D06192 /* seven-guis.app */;
			productType = "com.apple.product-type.application";
		};
/* End PBXNativeTarget section */

/* Begin PBXProject section */
		C0FC32CE2827E2A800D06192 /* Project object */ = {
			isa = PBXProject;
			attributes = {
				BuildIndependentTargetsInParallel = 1;
				LastSwiftUpdateCheck = 1330;
				LastUpgradeCheck = 1330;
				TargetAttributes = {
					C0FC32D92827E2AA00D06192 = {
						CreatedOnToolsVersion = 13.3;
					};
					C0FC32DF2827E2AA00D06192 = {
						CreatedOnToolsVersion = 13.3;
					};
				};
			};
			buildConfigurationList = C0FC32D12827E2A800D06192 /* Build configuration list for PBXProject "seven-guis" */;
			compatibilityVersion = "Xcode 13.0";
			developmentRegion = en;
			hasScannedForEncodings = 0;
			knownRegions = (
				en,
				Base,
			);
			mainGroup = C0FC32CD2827E2A800D06192;
			packageReferences = (
				C007467D28350B6E00D2BA77 /* XCRemoteSwiftPackageReference "DDMathParser" */,
			);
			productRefGroup = C0FC32DB2827E2AA00D06192 /* Products */;
			projectDirPath = "";
			projectRoot = "";
			targets = (
				C0FC32D92827E2AA00D06192 /* seven-guis (iOS) */,
				C0FC32DF2827E2AA00D06192 /* seven-guis (macOS) */,
			);
		};
/* End PBXProject section */

/* Begin PBXResourcesBuildPhase section */
		C0FC32D82827E2AA00D06192 /* Resources */ = {
			isa = PBXResourcesBuildPhase;
			buildActionMask = 2147483647;
			files = (
				C0FC32E72827E2AA00D06192 /* Assets.xcassets in Resources */,
			);
			runOnlyForDeploymentPostprocessing = 0;
		};
		C0FC32DE2827E2AA00D06192 /* Resources */ = {
			isa = PBXResourcesBuildPhase;
			buildActionMask = 2147483647;
			files = (
				C0FC32E82827E2AA00D06192 /* Assets.xcassets in Resources */,
			);
			runOnlyForDeploymentPostprocessing = 0;
		};
/* End PBXResourcesBuildPhase section */

/* Begin PBXSourcesBuildPhase section */
		C0FC32D62827E2AA00D06192 /* Sources */ = {
			isa = PBXSourcesBuildPhase;
			buildActionMask = 2147483647;
			files = (
				C0578D69282CF7CD00388368 /* CellsView.swift in Sources */,
				C073B509282942390027412A /* CrudView.swift in Sources */,
				C073B505282910B90027412A /* TimerView.swift in Sources */,
				C073B500282838050027412A /* FlightBookerView.swift in Sources */,
				6329DAD6283791030076E7DF /* CircleDrawerVM.swift in Sources */,
				C00746772834FCA800D2BA77 /* CellsVM.swift in Sources */,
				C073B50D282A44770027412A /* CircleDrawerView.swift in Sources */,
				C0FC32E32827E2AA00D06192 /* SevenGuisApp.swift in Sources */,
				C007467B2834FCDD00D2BA77 /* Cell.swift in Sources */,
				C0FC32F32827E39700D06192 /* CounterView.swift in Sources */,
				C073B4FC2827F89F0027412A /* TempConverterView.swift in Sources */,
			);
			runOnlyForDeploymentPostprocessing = 0;
		};
		C0FC32DC2827E2AA00D06192 /* Sources */ = {
			isa = PBXSourcesBuildPhase;
			buildActionMask = 2147483647;
			files = (
				C0578D6A282CF7FA00388368 /* CellsView.swift in Sources */,
				C073B50A282942390027412A /* CrudView.swift in Sources */,
				C073B506282910B90027412A /* TimerView.swift in Sources */,
				C073B501282838050027412A /* FlightBookerView.swift in Sources */,
				6329DAD7283791030076E7DF /* CircleDrawerVM.swift in Sources */,
				C00746782834FCA800D2BA77 /* CellsVM.swift in Sources */,
				C073B50E282A44770027412A /* CircleDrawerView.swift in Sources */,
				C0FC32E42827E2AA00D06192 /* SevenGuisApp.swift in Sources */,
				C007467C2834FCDD00D2BA77 /* Cell.swift in Sources */,
				C0FC32F42827E39700D06192 /* CounterView.swift in Sources */,
				C073B4FD2827F89F0027412A /* TempConverterView.swift in Sources */,
			);
			runOnlyForDeploymentPostprocessing = 0;
		};
/* End PBXSourcesBuildPhase section */

/* Begin XCBuildConfiguration section */
		C0FC32E92827E2AA00D06192 /* Debug */ = {
			isa = XCBuildConfiguration;
			buildSettings = {
				ALWAYS_SEARCH_USER_PATHS = NO;
				CLANG_ANALYZER_NONNULL = YES;
				CLANG_ANALYZER_NUMBER_OBJECT_CONVERSION = YES_AGGRESSIVE;
				CLANG_CXX_LANGUAGE_STANDARD = "gnu++17";
				CLANG_ENABLE_MODULES = YES;
				CLANG_ENABLE_OBJC_ARC = YES;
				CLANG_ENABLE_OBJC_WEAK = YES;
				CLANG_WARN_BLOCK_CAPTURE_AUTORELEASING = YES;
				CLANG_WARN_BOOL_CONVERSION = YES;
				CLANG_WARN_COMMA = YES;
				CLANG_WARN_CONSTANT_CONVERSION = YES;
				CLANG_WARN_DEPRECATED_OBJC_IMPLEMENTATIONS = YES;
				CLANG_WARN_DIRECT_OBJC_ISA_USAGE = YES_ERROR;
				CLANG_WARN_DOCUMENTATION_COMMENTS = YES;
				CLANG_WARN_EMPTY_BODY = YES;
				CLANG_WARN_ENUM_CONVERSION = YES;
				CLANG_WARN_INFINITE_RECURSION = YES;
				CLANG_WARN_INT_CONVERSION = YES;
				CLANG_WARN_NON_LITERAL_NULL_CONVERSION = YES;
				CLANG_WARN_OBJC_IMPLICIT_RETAIN_SELF = YES;
				CLANG_WARN_OBJC_LITERAL_CONVERSION = YES;
				CLANG_WARN_OBJC_ROOT_CLASS = YES_ERROR;
				CLANG_WARN_QUOTED_INCLUDE_IN_FRAMEWORK_HEADER = YES;
				CLANG_WARN_RANGE_LOOP_ANALYSIS = YES;
				CLANG_WARN_STRICT_PROTOTYPES = YES;
				CLANG_WARN_SUSPICIOUS_MOVE = YES;
				CLANG_WARN_UNGUARDED_AVAILABILITY = YES_AGGRESSIVE;
				CLANG_WARN_UNREACHABLE_CODE = YES;
				CLANG_WARN__DUPLICATE_METHOD_MATCH = YES;
				COPY_PHASE_STRIP = NO;
				DEBUG_INFORMATION_FORMAT = dwarf;
				ENABLE_STRICT_OBJC_MSGSEND = YES;
				ENABLE_TESTABILITY = YES;
				GCC_C_LANGUAGE_STANDARD = gnu11;
				GCC_DYNAMIC_NO_PIC = NO;
				GCC_NO_COMMON_BLOCKS = YES;
				GCC_OPTIMIZATION_LEVEL = 0;
				GCC_PREPROCESSOR_DEFINITIONS = (
					"DEBUG=1",
					"$(inherited)",
				);
				GCC_WARN_64_TO_32_BIT_CONVERSION = YES;
				GCC_WARN_ABOUT_RETURN_TYPE = YES_ERROR;
				GCC_WARN_UNDECLARED_SELECTOR = YES;
				GCC_WARN_UNINITIALIZED_AUTOS = YES_AGGRESSIVE;
				GCC_WARN_UNUSED_FUNCTION = YES;
				GCC_WARN_UNUSED_VARIABLE = YES;
				MTL_ENABLE_DEBUG_INFO = INCLUDE_SOURCE;
				MTL_FAST_MATH = YES;
				ONLY_ACTIVE_ARCH = YES;
				SWIFT_ACTIVE_COMPILATION_CONDITIONS = DEBUG;
				SWIFT_OPTIMIZATION_LEVEL = "-Onone";
			};
			name = Debug;
		};
		C0FC32EA2827E2AA00D06192 /* Release */ = {
			isa = XCBuildConfiguration;
			buildSettings = {
				ALWAYS_SEARCH_USER_PATHS = NO;
				CLANG_ANALYZER_NONNULL = YES;
				CLANG_ANALYZER_NUMBER_OBJECT_CONVERSION = YES_AGGRESSIVE;
				CLANG_CXX_LANGUAGE_STANDARD = "gnu++17";
				CLANG_ENABLE_MODULES = YES;
				CLANG_ENABLE_OBJC_ARC = YES;
				CLANG_ENABLE_OBJC_WEAK = YES;
				CLANG_WARN_BLOCK_CAPTURE_AUTORELEASING = YES;
				CLANG_WARN_BOOL_CONVERSION = YES;
				CLANG_WARN_COMMA = YES;
				CLANG_WARN_CONSTANT_CONVERSION = YES;
				CLANG_WARN_DEPRECATED_OBJC_IMPLEMENTATIONS = YES;
				CLANG_WARN_DIRECT_OBJC_ISA_USAGE = YES_ERROR;
				CLANG_WARN_DOCUMENTATION_COMMENTS = YES;
				CLANG_WARN_EMPTY_BODY = YES;
				CLANG_WARN_ENUM_CONVERSION = YES;
				CLANG_WARN_INFINITE_RECURSION = YES;
				CLANG_WARN_INT_CONVERSION = YES;
				CLANG_WARN_NON_LITERAL_NULL_CONVERSION = YES;
				CLANG_WARN_OBJC_IMPLICIT_RETAIN_SELF = YES;
				CLANG_WARN_OBJC_LITERAL_CONVERSION = YES;
				CLANG_WARN_OBJC_ROOT_CLASS = YES_ERROR;
				CLANG_WARN_QUOTED_INCLUDE_IN_FRAMEWORK_HEADER = YES;
				CLANG_WARN_RANGE_LOOP_ANALYSIS = YES;
				CLANG_WARN_STRICT_PROTOTYPES = YES;
				CLANG_WARN_SUSPICIOUS_MOVE = YES;
				CLANG_WARN_UNGUARDED_AVAILABILITY = YES_AGGRESSIVE;
				CLANG_WARN_UNREACHABLE_CODE = YES;
				CLANG_WARN__DUPLICATE_METHOD_MATCH = YES;
				COPY_PHASE_STRIP = NO;
				DEBUG_INFORMATION_FORMAT = "dwarf-with-dsym";
				ENABLE_NS_ASSERTIONS = NO;
				ENABLE_STRICT_OBJC_MSGSEND = YES;
				GCC_C_LANGUAGE_STANDARD = gnu11;
				GCC_NO_COMMON_BLOCKS = YES;
				GCC_WARN_64_TO_32_BIT_CONVERSION = YES;
				GCC_WARN_ABOUT_RETURN_TYPE = YES_ERROR;
				GCC_WARN_UNDECLARED_SELECTOR = YES;
				GCC_WARN_UNINITIALIZED_AUTOS = YES_AGGRESSIVE;
				GCC_WARN_UNUSED_FUNCTION = YES;
				GCC_WARN_UNUSED_VARIABLE = YES;
				MTL_ENABLE_DEBUG_INFO = NO;
				MTL_FAST_MATH = YES;
				SWIFT_COMPILATION_MODE = wholemodule;
				SWIFT_OPTIMIZATION_LEVEL = "-O";
			};
			name = Release;
		};
		C0FC32EC2827E2AA00D06192 /* Debug */ = {
			isa = XCBuildConfiguration;
			buildSettings = {
				ASSETCATALOG_COMPILER_APPICON_NAME = AppIcon;
				ASSETCATALOG_COMPILER_GLOBAL_ACCENT_COLOR_NAME = AccentColor;
				CODE_SIGN_STYLE = Automatic;
				CURRENT_PROJECT_VERSION = 1;
				DEVELOPMENT_TEAM = LAH32MJT38;
				ENABLE_PREVIEWS = YES;
				GENERATE_INFOPLIST_FILE = YES;
				INFOPLIST_KEY_UIApplicationSceneManifest_Generation = YES;
				INFOPLIST_KEY_UIApplicationSupportsIndirectInputEvents = YES;
				INFOPLIST_KEY_UILaunchScreen_Generation = YES;
				INFOPLIST_KEY_UISupportedInterfaceOrientations_iPad = "UIInterfaceOrientationPortrait UIInterfaceOrientationPortraitUpsideDown UIInterfaceOrientationLandscapeLeft UIInterfaceOrientationLandscapeRight";
				INFOPLIST_KEY_UISupportedInterfaceOrientations_iPhone = "UIInterfaceOrientationPortrait UIInterfaceOrientationLandscapeLeft UIInterfaceOrientationLandscapeRight";
				IPHONEOS_DEPLOYMENT_TARGET = 15.0;
				LD_RUNPATH_SEARCH_PATHS = (
					"$(inherited)",
					"@executable_path/Frameworks",
				);
				MARKETING_VERSION = 1.0;
				PRODUCT_BUNDLE_IDENTIFIER = "com.github.itwenty.seven-guis";
				PRODUCT_NAME = "seven-guis";
				SDKROOT = iphoneos;
				SWIFT_EMIT_LOC_STRINGS = YES;
				SWIFT_VERSION = 5.0;
				TARGETED_DEVICE_FAMILY = "1,2";
			};
			name = Debug;
		};
		C0FC32ED2827E2AA00D06192 /* Release */ = {
			isa = XCBuildConfiguration;
			buildSettings = {
				ASSETCATALOG_COMPILER_APPICON_NAME = AppIcon;
				ASSETCATALOG_COMPILER_GLOBAL_ACCENT_COLOR_NAME = AccentColor;
				CODE_SIGN_STYLE = Automatic;
				CURRENT_PROJECT_VERSION = 1;
				DEVELOPMENT_TEAM = LAH32MJT38;
				ENABLE_PREVIEWS = YES;
				GENERATE_INFOPLIST_FILE = YES;
				INFOPLIST_KEY_UIApplicationSceneManifest_Generation = YES;
				INFOPLIST_KEY_UIApplicationSupportsIndirectInputEvents = YES;
				INFOPLIST_KEY_UILaunchScreen_Generation = YES;
				INFOPLIST_KEY_UISupportedInterfaceOrientations_iPad = "UIInterfaceOrientationPortrait UIInterfaceOrientationPortraitUpsideDown UIInterfaceOrientationLandscapeLeft UIInterfaceOrientationLandscapeRight";
				INFOPLIST_KEY_UISupportedInterfaceOrientations_iPhone = "UIInterfaceOrientationPortrait UIInterfaceOrientationLandscapeLeft UIInterfaceOrientationLandscapeRight";
				IPHONEOS_DEPLOYMENT_TARGET = 15.0;
				LD_RUNPATH_SEARCH_PATHS = (
					"$(inherited)",
					"@executable_path/Frameworks",
				);
				MARKETING_VERSION = 1.0;
				PRODUCT_BUNDLE_IDENTIFIER = "com.github.itwenty.seven-guis";
				PRODUCT_NAME = "seven-guis";
				SDKROOT = iphoneos;
				SWIFT_EMIT_LOC_STRINGS = YES;
				SWIFT_VERSION = 5.0;
				TARGETED_DEVICE_FAMILY = "1,2";
				VALIDATE_PRODUCT = YES;
			};
			name = Release;
		};
		C0FC32EF2827E2AA00D06192 /* Debug */ = {
			isa = XCBuildConfiguration;
			buildSettings = {
				ASSETCATALOG_COMPILER_APPICON_NAME = AppIcon;
				ASSETCATALOG_COMPILER_GLOBAL_ACCENT_COLOR_NAME = AccentColor;
				CODE_SIGN_ENTITLEMENTS = macOS/macOS.entitlements;
				CODE_SIGN_STYLE = Automatic;
				COMBINE_HIDPI_IMAGES = YES;
				CURRENT_PROJECT_VERSION = 1;
				DEVELOPMENT_TEAM = LAH32MJT38;
				ENABLE_HARDENED_RUNTIME = YES;
				ENABLE_PREVIEWS = YES;
				GENERATE_INFOPLIST_FILE = YES;
				INFOPLIST_KEY_NSHumanReadableCopyright = "";
				LD_RUNPATH_SEARCH_PATHS = (
					"$(inherited)",
					"@executable_path/../Frameworks",
				);
				MACOSX_DEPLOYMENT_TARGET = 12.0;
				MARKETING_VERSION = 1.0;
				PRODUCT_BUNDLE_IDENTIFIER = "com.github.itwenty.seven-guis";
				PRODUCT_NAME = "seven-guis";
				SDKROOT = macosx;
				SWIFT_EMIT_LOC_STRINGS = YES;
				SWIFT_VERSION = 5.0;
			};
			name = Debug;
		};
		C0FC32F02827E2AA00D06192 /* Release */ = {
			isa = XCBuildConfiguration;
			buildSettings = {
				ASSETCATALOG_COMPILER_APPICON_NAME = AppIcon;
				ASSETCATALOG_COMPILER_GLOBAL_ACCENT_COLOR_NAME = AccentColor;
				CODE_SIGN_ENTITLEMENTS = macOS/macOS.entitlements;
				CODE_SIGN_STYLE = Automatic;
				COMBINE_HIDPI_IMAGES = YES;
				CURRENT_PROJECT_VERSION = 1;
				DEVELOPMENT_TEAM = LAH32MJT38;
				ENABLE_HARDENED_RUNTIME = YES;
				ENABLE_PREVIEWS = YES;
				GENERATE_INFOPLIST_FILE = YES;
				INFOPLIST_KEY_NSHumanReadableCopyright = "";
				LD_RUNPATH_SEARCH_PATHS = (
					"$(inherited)",
					"@executable_path/../Frameworks",
				);
				MACOSX_DEPLOYMENT_TARGET = 12.0;
				MARKETING_VERSION = 1.0;
				PRODUCT_BUNDLE_IDENTIFIER = "com.github.itwenty.seven-guis";
				PRODUCT_NAME = "seven-guis";
				SDKROOT = macosx;
				SWIFT_EMIT_LOC_STRINGS = YES;
				SWIFT_VERSION = 5.0;
			};
			name = Release;
		};
/* End XCBuildConfiguration section */

/* Begin XCConfigurationList section */
		C0FC32D12827E2A800D06192 /* Build configuration list for PBXProject "seven-guis" */ = {
			isa = XCConfigurationList;
			buildConfigurations = (
				C0FC32E92827E2AA00D06192 /* Debug */,
				C0FC32EA2827E2AA00D06192 /* Release */,
			);
			defaultConfigurationIsVisible = 0;
			defaultConfigurationName = Release;
		};
		C0FC32EB2827E2AA00D06192 /* Build configuration list for PBXNativeTarget "seven-guis (iOS)" */ = {
			isa = XCConfigurationList;
			buildConfigurations = (
				C0FC32EC2827E2AA00D06192 /* Debug */,
				C0FC32ED2827E2AA00D06192 /* Release */,
			);
			defaultConfigurationIsVisible = 0;
			defaultConfigurationName = Release;
		};
		C0FC32EE2827E2AA00D06192 /* Build configuration list for PBXNativeTarget "seven-guis (macOS)" */ = {
			isa = XCConfigurationList;
			buildConfigurations = (
				C0FC32EF2827E2AA00D06192 /* Debug */,
				C0FC32F02827E2AA00D06192 /* Release */,
			);
			defaultConfigurationIsVisible = 0;
			defaultConfigurationName = Release;
		};
/* End XCConfigurationList section */

/* Begin XCRemoteSwiftPackageReference section */
		C007467D28350B6E00D2BA77 /* XCRemoteSwiftPackageReference "DDMathParser" */ = {
			isa = XCRemoteSwiftPackageReference;
			repositoryURL = "https://github.com/davedelong/DDMathParser";
			requirement = {
				kind = exactVersion;
				version = 3.1.0;
			};
		};
/* End XCRemoteSwiftPackageReference section */

/* Begin XCSwiftPackageProductDependency section */
		C007467E28350B6E00D2BA77 /* MathParser */ = {
			isa = XCSwiftPackageProductDependency;
			package = C007467D28350B6E00D2BA77 /* XCRemoteSwiftPackageReference "DDMathParser" */;
			productName = MathParser;
		};
		C007468128350C8B00D2BA77 /* MathParser */ = {
			isa = XCSwiftPackageProductDependency;
			package = C007467D28350B6E00D2BA77 /* XCRemoteSwiftPackageReference "DDMathParser" */;
			productName = MathParser;
		};
/* End XCSwiftPackageProductDependency section */
	};
	rootObject = C0FC32CE2827E2A800D06192 /* Project object */;
}
